
Microsoft Visual Studio Solution File, Format Version 12.00
# Visual Studio Version 17
VisualStudioVersion = 17.0.31903.59
MinimumVisualStudioVersion = 10.0.40219.1
Project("{FAE04EC0-301F-11D3-BF4B-00C04F79EFBC}") = "VB6.Syntax", "src\VB6.Syntax\VB6.Syntax.csproj", "{2F605E56-8B36-4A88-BBF8-1D3CFBF49E6A}"
EndProject
Project("{FAE04EC0-301F-11D3-BF4B-00C04F79EFBC}") = "VB6.Lexer", "src\VB6.Lexer\VB6.Lexer.csproj", "{4A65436F-1731-4A27-A1AE-6BDA5C924569}"
EndProject
Project("{FAE04EC0-301F-11D3-BF4B-00C04F79EFBC}") = "VB6.Parser", "src\VB6.Parser\VB6.Parser.csproj", "{7D74093B-E214-4F1F-9C0D-4735A0B9AD52}"
EndProject
Project("{FAE04EC0-301F-11D3-BF4B-00C04F79EFBC}") = "VB6.Semantics", "src\VB6.Semantics\VB6.Semantics.csproj", "{9F3E8B6A-1D2C-4F73-91A6-6E205A710C44}"
EndProject
Project("{FAE04EC0-301F-11D3-BF4B-00C04F79EFBC}") = "VB6.Runtime", "src\VB6.Runtime\VB6.Runtime.csproj", "{A0A8BB9E-7D72-4B5C-8E2F-0A0E1DB3B390}"
EndProject
Project("{FAE04EC0-301F-11D3-BF4B-00C04F79EFBC}") = "VB6.ProjectSystem", "src\VB6.ProjectSystem\VB6.ProjectSystem.csproj", "{1C4B9D7A-75E8-4F61-B7E1-2C5170D1B5E4}"
EndProject
Project("{FAE04EC0-301F-11D3-BF4B-00C04F79EFBC}") = "VB6.IR", "src\VB6.IR\VB6.IR.csproj", "{31C03257-B04C-40B2-AC24-5F61EC9AF2A0}"
EndProject
Project("{FAE04EC0-301F-11D3-BF4B-00C04F79EFBC}") = "VB6.Emit.Managed", "src\VB6.Emit.Managed\VB6.Emit.Managed.csproj", "{389E6845-69A3-4F0F-A1B9-F15487CF30D9}"
EndProject
Project("{FAE04EC0-301F-11D3-BF4B-00C04F79EFBC}") = "VB6.Compiler", "src\VB6.Compiler\VB6.Compiler.csproj", "{B6A0722F-1D5A-4C12-8F4E-5F4D1E2C6A70}"
EndProject
Project("{FAE04EC0-301F-11D3-BF4B-00C04F79EFBC}") = "VB6.Compiler.Cli", "src\VB6.Compiler.Cli\VB6.Compiler.Cli.csproj", "{63DA2059-D3D4-4A50-B8AF-D9E6BFF2B9A4}"
EndProject
Project("{FAE04EC0-301F-11D3-BF4B-00C04F79EFBC}") = "VB6.Syntax.Tests", "tests\VB6.Syntax.Tests\VB6.Syntax.Tests.csproj", "{90D7CECB-BFCF-44E5-8E12-158F35B05C53}"
EndProject
Project("{FAE04EC0-301F-11D3-BF4B-00C04F79EFBC}") = "VB6.Lexer.Tests", "tests\VB6.Lexer.Tests\VB6.Lexer.Tests.csproj", "{291AD62C-7EC1-4F6F-8F52-B20B824E6DA7}"
EndProject
Project("{FAE04EC0-301F-11D3-BF4B-00C04F79EFBC}") = "VB6.Parser.Tests", "tests\VB6.Parser.Tests\VB6.Parser.Tests.csproj", "{5C2E0C9F-6170-4C6D-B421-6CBAD18BEA33}"
EndProject
Project("{FAE04EC0-301F-11D3-BF4B-00C04F79EFBC}") = "VB6.Semantics.Tests", "tests\VB6.Semantics.Tests\VB6.Semantics.Tests.csproj", "{C4E8B261-7A94-4F4A-A8E1-ED052B5BAF91}"
EndProject
Project("{FAE04EC0-301F-11D3-BF4B-00C04F79EFBC}") = "VB6.Runtime.Tests", "tests\VB6.Runtime.Tests\VB6.Runtime.Tests.csproj", "{8EADCE77-0149-4A19-A0E8-7064DAB5B2E1}"
EndProject
Project("{FAE04EC0-301F-11D3-BF4B-00C04F79EFBC}") = "VB6.ProjectSystem.Tests", "tests\VB6.ProjectSystem.Tests\VB6.ProjectSystem.Tests.csproj", "{6A8D22EF-F2D0-4E07-9460-A62F49605D31}"
EndProject
Project("{FAE04EC0-301F-11D3-BF4B-00C04F79EFBC}") = "VB6.IR.Tests", "tests\VB6.IR.Tests\VB6.IR.Tests.csproj", "{D131C1B8-54E1-4E71-9E18-F4FA703A99A8}"
EndProject
Project("{FAE04EC0-301F-11D3-BF4B-00C04F79EFBC}") = "VB6.Emit.Managed.Tests", "tests\VB6.Emit.Managed.Tests\VB6.Emit.Managed.Tests.csproj", "{B9FE92EA-2C15-4A53-A563-18462B4CEFEA}"
EndProject
Project("{FAE04EC0-301F-11D3-BF4B-00C04F79EFBC}") = "VB6.Compiler.Tests", "tests\VB6.Compiler.Tests\VB6.Compiler.Tests.csproj", "{D998946C-33F8-4454-9E3D-1975C87E9A26}"
EndProject
Project("{2150E333-8FDC-42A3-9474-1A3956D46DE8}") = "src", "src", "{827E0CD3-B72D-47B6-A68D-7590B98EB39B}"
EndProject
Project("{FAE04EC0-301F-11D3-BF4B-00C04F79EFBC}") = "VB6.Emit.Llvm", "src\VB6.Emit.Llvm\VB6.Emit.Llvm.csproj", "{F3F734AA-6368-4A4E-A8B6-BF87A249684E}"
EndProject
Project("{FAE04EC0-301F-11D3-BF4B-00C04F79EFBC}") = "VB6.Compiler.Sdk", "src\VB6.Compiler.Sdk\VB6.Compiler.Sdk.csproj", "{F03BFDEF-99B8-4CD8-80CB-68AF5A6840A2}"
EndProject
Project("{FAE04EC0-301F-11D3-BF4B-00C04F79EFBC}") = "VB6.LanguageServer", "src\VB6.LanguageServer\VB6.LanguageServer.csproj", "{7CB57C6E-988F-4B5C-A197-5581522F82D5}"
EndProject
Project("{2150E333-8FDC-42A3-9474-1A3956D46DE8}") = "tests", "tests", "{0AB3BF05-4346-4AA6-1389-037BE0695223}"
EndProject
Project("{FAE04EC0-301F-11D3-BF4B-00C04F79EFBC}") = "VB6.LanguageServer.Tests", "tests\VB6.LanguageServer.Tests\VB6.LanguageServer.Tests.csproj", "{80A42DDD-A5B2-40BB-A07C-979A9110D552}"
EndProject
Project("{FAE04EC0-301F-11D3-BF4B-00C04F79EFBC}") = "VB6.Emit.Llvm.Tests", "tests\VB6.Emit.Llvm.Tests\VB6.Emit.Llvm.Tests.csproj", "{865551F3-AB5F-44BA-AAC4-44CA46015F20}"
EndProject
Project("{FAE04EC0-301F-11D3-BF4B-00C04F79EFBC}") = "VB6.Runtime.WinForms", "src\VB6.Runtime.WinForms\VB6.Runtime.WinForms.csproj", "{83F369D9-472B-4ED4-9A80-46606CEF385A}"
EndProject
Project("{FAE04EC0-301F-11D3-BF4B-00C04F79EFBC}") = "VB6.Runtime.WinForms.Tests", "tests\VB6.Runtime.WinForms.Tests\VB6.Runtime.WinForms.Tests.csproj", "{D2645A5B-D305-474D-B533-714422CDC8BD}"
EndProject
Project("{FAE04EC0-301F-11D3-BF4B-00C04F79EFBC}") = "VB6.Compiler.Cli.Tests", "tests\VB6.Compiler.Cli.Tests\VB6.Compiler.Cli.Tests.csproj", "{B04B12B8-D7A6-48F9-AAD4-ED0EA2471A28}"
EndProject
Project("{FAE04EC0-301F-11D3-BF4B-00C04F79EFBC}") = "VB6.Runtime.WinForms.Runner", "src\VB6.Runtime.WinForms.Runner\VB6.Runtime.WinForms.Runner.csproj", "{0ADDA0CD-EA46-4723-A087-E82515C6DA53}"
EndProject
Project("{FAE04EC0-301F-11D3-BF4B-00C04F79EFBC}") = "VB6.ComActivationProbe", "tests\VB6.ComActivationProbe\VB6.ComActivationProbe.csproj", "{798A6E7A-4642-40CC-B2E6-2D1B5291EF45}"
EndProject
Global
	GlobalSection(SolutionConfigurationPlatforms) = preSolution
		Debug|Any CPU = Debug|Any CPU
		Debug|x64 = Debug|x64
		Debug|x86 = Debug|x86
		Release|Any CPU = Release|Any CPU
		Release|x64 = Release|x64
		Release|x86 = Release|x86
	EndGlobalSection
	GlobalSection(ProjectConfigurationPlatforms) = postSolution
		{2F605E56-8B36-4A88-BBF8-1D3CFBF49E6A}.Debug|Any CPU.ActiveCfg = Debug|Any CPU
		{2F605E56-8B36-4A88-BBF8-1D3CFBF49E6A}.Debug|Any CPU.Build.0 = Debug|Any CPU
		{2F605E56-8B36-4A88-BBF8-1D3CFBF49E6A}.Debug|x64.ActiveCfg = Debug|Any CPU
		{2F605E56-8B36-4A88-BBF8-1D3CFBF49E6A}.Debug|x64.Build.0 = Debug|Any CPU
		{2F605E56-8B36-4A88-BBF8-1D3CFBF49E6A}.Debug|x86.ActiveCfg = Debug|Any CPU
		{2F605E56-8B36-4A88-BBF8-1D3CFBF49E6A}.Debug|x86.Build.0 = Debug|Any CPU
		{2F605E56-8B36-4A88-BBF8-1D3CFBF49E6A}.Release|Any CPU.ActiveCfg = Release|Any CPU
		{2F605E56-8B36-4A88-BBF8-1D3CFBF49E6A}.Release|Any CPU.Build.0 = Release|Any CPU
		{2F605E56-8B36-4A88-BBF8-1D3CFBF49E6A}.Release|x64.ActiveCfg = Release|Any CPU
		{2F605E56-8B36-4A88-BBF8-1D3CFBF49E6A}.Release|x64.Build.0 = Release|Any CPU
		{2F605E56-8B36-4A88-BBF8-1D3CFBF49E6A}.Release|x86.ActiveCfg = Release|Any CPU
		{2F605E56-8B36-4A88-BBF8-1D3CFBF49E6A}.Release|x86.Build.0 = Release|Any CPU
		{4A65436F-1731-4A27-A1AE-6BDA5C924569}.Debug|Any CPU.ActiveCfg = Debug|Any CPU
		{4A65436F-1731-4A27-A1AE-6BDA5C924569}.Debug|Any CPU.Build.0 = Debug|Any CPU
		{4A65436F-1731-4A27-A1AE-6BDA5C924569}.Debug|x64.ActiveCfg = Debug|Any CPU
		{4A65436F-1731-4A27-A1AE-6BDA5C924569}.Debug|x64.Build.0 = Debug|Any CPU
		{4A65436F-1731-4A27-A1AE-6BDA5C924569}.Debug|x86.ActiveCfg = Debug|Any CPU
		{4A65436F-1731-4A27-A1AE-6BDA5C924569}.Debug|x86.Build.0 = Debug|Any CPU
		{4A65436F-1731-4A27-A1AE-6BDA5C924569}.Release|Any CPU.ActiveCfg = Release|Any CPU
		{4A65436F-1731-4A27-A1AE-6BDA5C924569}.Release|Any CPU.Build.0 = Release|Any CPU
		{4A65436F-1731-4A27-A1AE-6BDA5C924569}.Release|x64.ActiveCfg = Release|Any CPU
		{4A65436F-1731-4A27-A1AE-6BDA5C924569}.Release|x64.Build.0 = Release|Any CPU
		{4A65436F-1731-4A27-A1AE-6BDA5C924569}.Release|x86.ActiveCfg = Release|Any CPU
		{4A65436F-1731-4A27-A1AE-6BDA5C924569}.Release|x86.Build.0 = Release|Any CPU
		{7D74093B-E214-4F1F-9C0D-4735A0B9AD52}.Debug|Any CPU.ActiveCfg = Debug|Any CPU
		{7D74093B-E214-4F1F-9C0D-4735A0B9AD52}.Debug|Any CPU.Build.0 = Debug|Any CPU
		{7D74093B-E214-4F1F-9C0D-4735A0B9AD52}.Debug|x64.ActiveCfg = Debug|Any CPU
		{7D74093B-E214-4F1F-9C0D-4735A0B9AD52}.Debug|x64.Build.0 = Debug|Any CPU
		{7D74093B-E214-4F1F-9C0D-4735A0B9AD52}.Debug|x86.ActiveCfg = Debug|Any CPU
		{7D74093B-E214-4F1F-9C0D-4735A0B9AD52}.Debug|x86.Build.0 = Debug|Any CPU
		{7D74093B-E214-4F1F-9C0D-4735A0B9AD52}.Release|Any CPU.ActiveCfg = Release|Any CPU
		{7D74093B-E214-4F1F-9C0D-4735A0B9AD52}.Release|Any CPU.Build.0 = Release|Any CPU
		{7D74093B-E214-4F1F-9C0D-4735A0B9AD52}.Release|x64.ActiveCfg = Release|Any CPU
		{7D74093B-E214-4F1F-9C0D-4735A0B9AD52}.Release|x64.Build.0 = Release|Any CPU
		{7D74093B-E214-4F1F-9C0D-4735A0B9AD52}.Release|x86.ActiveCfg = Release|Any CPU
		{7D74093B-E214-4F1F-9C0D-4735A0B9AD52}.Release|x86.Build.0 = Release|Any CPU
		{9F3E8B6A-1D2C-4F73-91A6-6E205A710C44}.Debug|Any CPU.ActiveCfg = Debug|Any CPU
		{9F3E8B6A-1D2C-4F73-91A6-6E205A710C44}.Debug|Any CPU.Build.0 = Debug|Any CPU
		{9F3E8B6A-1D2C-4F73-91A6-6E205A710C44}.Debug|x64.ActiveCfg = Debug|Any CPU
		{9F3E8B6A-1D2C-4F73-91A6-6E205A710C44}.Debug|x64.Build.0 = Debug|Any CPU
		{9F3E8B6A-1D2C-4F73-91A6-6E205A710C44}.Debug|x86.ActiveCfg = Debug|Any CPU
		{9F3E8B6A-1D2C-4F73-91A6-6E205A710C44}.Debug|x86.Build.0 = Debug|Any CPU
		{9F3E8B6A-1D2C-4F73-91A6-6E205A710C44}.Release|Any CPU.ActiveCfg = Release|Any CPU
		{9F3E8B6A-1D2C-4F73-91A6-6E205A710C44}.Release|Any CPU.Build.0 = Release|Any CPU
		{9F3E8B6A-1D2C-4F73-91A6-6E205A710C44}.Release|x64.ActiveCfg = Release|Any CPU
		{9F3E8B6A-1D2C-4F73-91A6-6E205A710C44}.Release|x64.Build.0 = Release|Any CPU
		{9F3E8B6A-1D2C-4F73-91A6-6E205A710C44}.Release|x86.ActiveCfg = Release|Any CPU
		{9F3E8B6A-1D2C-4F73-91A6-6E205A710C44}.Release|x86.Build.0 = Release|Any CPU
		{A0A8BB9E-7D72-4B5C-8E2F-0A0E1DB3B390}.Debug|Any CPU.ActiveCfg = Debug|Any CPU
		{A0A8BB9E-7D72-4B5C-8E2F-0A0E1DB3B390}.Debug|Any CPU.Build.0 = Debug|Any CPU
		{A0A8BB9E-7D72-4B5C-8E2F-0A0E1DB3B390}.Debug|x64.ActiveCfg = Debug|Any CPU
		{A0A8BB9E-7D72-4B5C-8E2F-0A0E1DB3B390}.Debug|x64.Build.0 = Debug|Any CPU
		{A0A8BB9E-7D72-4B5C-8E2F-0A0E1DB3B390}.Debug|x86.ActiveCfg = Debug|Any CPU
		{A0A8BB9E-7D72-4B5C-8E2F-0A0E1DB3B390}.Debug|x86.Build.0 = Debug|Any CPU
		{A0A8BB9E-7D72-4B5C-8E2F-0A0E1DB3B390}.Release|Any CPU.ActiveCfg = Release|Any CPU
		{A0A8BB9E-7D72-4B5C-8E2F-0A0E1DB3B390}.Release|Any CPU.Build.0 = Release|Any CPU
		{A0A8BB9E-7D72-4B5C-8E2F-0A0E1DB3B390}.Release|x64.ActiveCfg = Release|Any CPU
		{A0A8BB9E-7D72-4B5C-8E2F-0A0E1DB3B390}.Release|x64.Build.0 = Release|Any CPU
		{A0A8BB9E-7D72-4B5C-8E2F-0A0E1DB3B390}.Release|x86.ActiveCfg = Release|Any CPU
		{A0A8BB9E-7D72-4B5C-8E2F-0A0E1DB3B390}.Release|x86.Build.0 = Release|Any CPU
		{1C4B9D7A-75E8-4F61-B7E1-2C5170D1B5E4}.Debug|Any CPU.ActiveCfg = Debug|Any CPU
		{1C4B9D7A-75E8-4F61-B7E1-2C5170D1B5E4}.Debug|Any CPU.Build.0 = Debug|Any CPU
		{1C4B9D7A-75E8-4F61-B7E1-2C5170D1B5E4}.Debug|x64.ActiveCfg = Debug|Any CPU
		{1C4B9D7A-75E8-4F61-B7E1-2C5170D1B5E4}.Debug|x64.Build.0 = Debug|Any CPU
		{1C4B9D7A-75E8-4F61-B7E1-2C5170D1B5E4}.Debug|x86.ActiveCfg = Debug|Any CPU
		{1C4B9D7A-75E8-4F61-B7E1-2C5170D1B5E4}.Debug|x86.Build.0 = Debug|Any CPU
		{1C4B9D7A-75E8-4F61-B7E1-2C5170D1B5E4}.Release|Any CPU.ActiveCfg = Release|Any CPU
		{1C4B9D7A-75E8-4F61-B7E1-2C5170D1B5E4}.Release|Any CPU.Build.0 = Release|Any CPU
		{1C4B9D7A-75E8-4F61-B7E1-2C5170D1B5E4}.Release|x64.ActiveCfg = Release|Any CPU
		{1C4B9D7A-75E8-4F61-B7E1-2C5170D1B5E4}.Release|x64.Build.0 = Release|Any CPU
		{1C4B9D7A-75E8-4F61-B7E1-2C5170D1B5E4}.Release|x86.ActiveCfg = Release|Any CPU
		{1C4B9D7A-75E8-4F61-B7E1-2C5170D1B5E4}.Release|x86.Build.0 = Release|Any CPU
		{31C03257-B04C-40B2-AC24-5F61EC9AF2A0}.Debug|Any CPU.ActiveCfg = Debug|Any CPU
		{31C03257-B04C-40B2-AC24-5F61EC9AF2A0}.Debug|Any CPU.Build.0 = Debug|Any CPU
		{31C03257-B04C-40B2-AC24-5F61EC9AF2A0}.Debug|x64.ActiveCfg = Debug|Any CPU
		{31C03257-B04C-40B2-AC24-5F61EC9AF2A0}.Debug|x64.Build.0 = Debug|Any CPU
		{31C03257-B04C-40B2-AC24-5F61EC9AF2A0}.Debug|x86.ActiveCfg = Debug|Any CPU
		{31C03257-B04C-40B2-AC24-5F61EC9AF2A0}.Debug|x86.Build.0 = Debug|Any CPU
		{31C03257-B04C-40B2-AC24-5F61EC9AF2A0}.Release|Any CPU.ActiveCfg = Release|Any CPU
		{31C03257-B04C-40B2-AC24-5F61EC9AF2A0}.Release|Any CPU.Build.0 = Release|Any CPU
		{31C03257-B04C-40B2-AC24-5F61EC9AF2A0}.Release|x64.ActiveCfg = Release|Any CPU
		{31C03257-B04C-40B2-AC24-5F61EC9AF2A0}.Release|x64.Build.0 = Release|Any CPU
		{31C03257-B04C-40B2-AC24-5F61EC9AF2A0}.Release|x86.ActiveCfg = Release|Any CPU
		{31C03257-B04C-40B2-AC24-5F61EC9AF2A0}.Release|x86.Build.0 = Release|Any CPU
		{389E6845-69A3-4F0F-A1B9-F15487CF30D9}.Debug|Any CPU.ActiveCfg = Debug|Any CPU
		{389E6845-69A3-4F0F-A1B9-F15487CF30D9}.Debug|Any CPU.Build.0 = Debug|Any CPU
		{389E6845-69A3-4F0F-A1B9-F15487CF30D9}.Debug|x64.ActiveCfg = Debug|Any CPU
		{389E6845-69A3-4F0F-A1B9-F15487CF30D9}.Debug|x64.Build.0 = Debug|Any CPU
		{389E6845-69A3-4F0F-A1B9-F15487CF30D9}.Debug|x86.ActiveCfg = Debug|Any CPU
		{389E6845-69A3-4F0F-A1B9-F15487CF30D9}.Debug|x86.Build.0 = Debug|Any CPU
		{389E6845-69A3-4F0F-A1B9-F15487CF30D9}.Release|Any CPU.ActiveCfg = Release|Any CPU
		{389E6845-69A3-4F0F-A1B9-F15487CF30D9}.Release|Any CPU.Build.0 = Release|Any CPU
		{389E6845-69A3-4F0F-A1B9-F15487CF30D9}.Release|x64.ActiveCfg = Release|Any CPU
		{389E6845-69A3-4F0F-A1B9-F15487CF30D9}.Release|x64.Build.0 = Release|Any CPU
		{389E6845-69A3-4F0F-A1B9-F15487CF30D9}.Release|x86.ActiveCfg = Release|Any CPU
		{389E6845-69A3-4F0F-A1B9-F15487CF30D9}.Release|x86.Build.0 = Release|Any CPU
		{B6A0722F-1D5A-4C12-8F4E-5F4D1E2C6A70}.Debug|Any CPU.ActiveCfg = Debug|Any CPU
		{B6A0722F-1D5A-4C12-8F4E-5F4D1E2C6A70}.Debug|Any CPU.Build.0 = Debug|Any CPU
		{B6A0722F-1D5A-4C12-8F4E-5F4D1E2C6A70}.Debug|x64.ActiveCfg = Debug|Any CPU
		{B6A0722F-1D5A-4C12-8F4E-5F4D1E2C6A70}.Debug|x64.Build.0 = Debug|Any CPU
		{B6A0722F-1D5A-4C12-8F4E-5F4D1E2C6A70}.Debug|x86.ActiveCfg = Debug|Any CPU
		{B6A0722F-1D5A-4C12-8F4E-5F4D1E2C6A70}.Debug|x86.Build.0 = Debug|Any CPU
		{B6A0722F-1D5A-4C12-8F4E-5F4D1E2C6A70}.Release|Any CPU.ActiveCfg = Release|Any CPU
		{B6A0722F-1D5A-4C12-8F4E-5F4D1E2C6A70}.Release|Any CPU.Build.0 = Release|Any CPU
		{B6A0722F-1D5A-4C12-8F4E-5F4D1E2C6A70}.Release|x64.ActiveCfg = Release|Any CPU
		{B6A0722F-1D5A-4C12-8F4E-5F4D1E2C6A70}.Release|x64.Build.0 = Release|Any CPU
		{B6A0722F-1D5A-4C12-8F4E-5F4D1E2C6A70}.Release|x86.ActiveCfg = Release|Any CPU
		{B6A0722F-1D5A-4C12-8F4E-5F4D1E2C6A70}.Release|x86.Build.0 = Release|Any CPU
		{63DA2059-D3D4-4A50-B8AF-D9E6BFF2B9A4}.Debug|Any CPU.ActiveCfg = Debug|Any CPU
		{63DA2059-D3D4-4A50-B8AF-D9E6BFF2B9A4}.Debug|Any CPU.Build.0 = Debug|Any CPU
		{63DA2059-D3D4-4A50-B8AF-D9E6BFF2B9A4}.Debug|x64.ActiveCfg = Debug|Any CPU
		{63DA2059-D3D4-4A50-B8AF-D9E6BFF2B9A4}.Debug|x64.Build.0 = Debug|Any CPU
		{63DA2059-D3D4-4A50-B8AF-D9E6BFF2B9A4}.Debug|x86.ActiveCfg = Debug|Any CPU
		{63DA2059-D3D4-4A50-B8AF-D9E6BFF2B9A4}.Debug|x86.Build.0 = Debug|Any CPU
		{63DA2059-D3D4-4A50-B8AF-D9E6BFF2B9A4}.Release|Any CPU.ActiveCfg = Release|Any CPU
		{63DA2059-D3D4-4A50-B8AF-D9E6BFF2B9A4}.Release|Any CPU.Build.0 = Release|Any CPU
		{63DA2059-D3D4-4A50-B8AF-D9E6BFF2B9A4}.Release|x64.ActiveCfg = Release|Any CPU
		{63DA2059-D3D4-4A50-B8AF-D9E6BFF2B9A4}.Release|x64.Build.0 = Release|Any CPU
		{63DA2059-D3D4-4A50-B8AF-D9E6BFF2B9A4}.Release|x86.ActiveCfg = Release|Any CPU
		{63DA2059-D3D4-4A50-B8AF-D9E6BFF2B9A4}.Release|x86.Build.0 = Release|Any CPU
		{90D7CECB-BFCF-44E5-8E12-158F35B05C53}.Debug|Any CPU.ActiveCfg = Debug|Any CPU
		{90D7CECB-BFCF-44E5-8E12-158F35B05C53}.Debug|Any CPU.Build.0 = Debug|Any CPU
		{90D7CECB-BFCF-44E5-8E12-158F35B05C53}.Debug|x64.ActiveCfg = Debug|Any CPU
		{90D7CECB-BFCF-44E5-8E12-158F35B05C53}.Debug|x64.Build.0 = Debug|Any CPU
		{90D7CECB-BFCF-44E5-8E12-158F35B05C53}.Debug|x86.ActiveCfg = Debug|Any CPU
		{90D7CECB-BFCF-44E5-8E12-158F35B05C53}.Debug|x86.Build.0 = Debug|Any CPU
		{90D7CECB-BFCF-44E5-8E12-158F35B05C53}.Release|Any CPU.ActiveCfg = Release|Any CPU
		{90D7CECB-BFCF-44E5-8E12-158F35B05C53}.Release|Any CPU.Build.0 = Release|Any CPU
		{90D7CECB-BFCF-44E5-8E12-158F35B05C53}.Release|x64.ActiveCfg = Release|Any CPU
		{90D7CECB-BFCF-44E5-8E12-158F35B05C53}.Release|x64.Build.0 = Release|Any CPU
		{90D7CECB-BFCF-44E5-8E12-158F35B05C53}.Release|x86.ActiveCfg = Release|Any CPU
		{90D7CECB-BFCF-44E5-8E12-158F35B05C53}.Release|x86.Build.0 = Release|Any CPU
		{291AD62C-7EC1-4F6F-8F52-B20B824E6DA7}.Debug|Any CPU.ActiveCfg = Debug|Any CPU
		{291AD62C-7EC1-4F6F-8F52-B20B824E6DA7}.Debug|Any CPU.Build.0 = Debug|Any CPU
		{291AD62C-7EC1-4F6F-8F52-B20B824E6DA7}.Debug|x64.ActiveCfg = Debug|Any CPU
		{291AD62C-7EC1-4F6F-8F52-B20B824E6DA7}.Debug|x64.Build.0 = Debug|Any CPU
		{291AD62C-7EC1-4F6F-8F52-B20B824E6DA7}.Debug|x86.ActiveCfg = Debug|Any CPU
		{291AD62C-7EC1-4F6F-8F52-B20B824E6DA7}.Debug|x86.Build.0 = Debug|Any CPU
		{291AD62C-7EC1-4F6F-8F52-B20B824E6DA7}.Release|Any CPU.ActiveCfg = Release|Any CPU
		{291AD62C-7EC1-4F6F-8F52-B20B824E6DA7}.Release|Any CPU.Build.0 = Release|Any CPU
		{291AD62C-7EC1-4F6F-8F52-B20B824E6DA7}.Release|x64.ActiveCfg = Release|Any CPU
		{291AD62C-7EC1-4F6F-8F52-B20B824E6DA7}.Release|x64.Build.0 = Release|Any CPU
		{291AD62C-7EC1-4F6F-8F52-B20B824E6DA7}.Release|x86.ActiveCfg = Release|Any CPU
		{291AD62C-7EC1-4F6F-8F52-B20B824E6DA7}.Release|x86.Build.0 = Release|Any CPU
		{5C2E0C9F-6170-4C6D-B421-6CBAD18BEA33}.Debug|Any CPU.ActiveCfg = Debug|Any CPU
		{5C2E0C9F-6170-4C6D-B421-6CBAD18BEA33}.Debug|Any CPU.Build.0 = Debug|Any CPU
		{5C2E0C9F-6170-4C6D-B421-6CBAD18BEA33}.Debug|x64.ActiveCfg = Debug|Any CPU
		{5C2E0C9F-6170-4C6D-B421-6CBAD18BEA33}.Debug|x64.Build.0 = Debug|Any CPU
		{5C2E0C9F-6170-4C6D-B421-6CBAD18BEA33}.Debug|x86.ActiveCfg = Debug|Any CPU
		{5C2E0C9F-6170-4C6D-B421-6CBAD18BEA33}.Debug|x86.Build.0 = Debug|Any CPU
		{5C2E0C9F-6170-4C6D-B421-6CBAD18BEA33}.Release|Any CPU.ActiveCfg = Release|Any CPU
		{5C2E0C9F-6170-4C6D-B421-6CBAD18BEA33}.Release|Any CPU.Build.0 = Release|Any CPU
		{5C2E0C9F-6170-4C6D-B421-6CBAD18BEA33}.Release|x64.ActiveCfg = Release|Any CPU
		{5C2E0C9F-6170-4C6D-B421-6CBAD18BEA33}.Release|x64.Build.0 = Release|Any CPU
		{5C2E0C9F-6170-4C6D-B421-6CBAD18BEA33}.Release|x86.ActiveCfg = Release|Any CPU
		{5C2E0C9F-6170-4C6D-B421-6CBAD18BEA33}.Release|x86.Build.0 = Release|Any CPU
		{C4E8B261-7A94-4F4A-A8E1-ED052B5BAF91}.Debug|Any CPU.ActiveCfg = Debug|Any CPU
		{C4E8B261-7A94-4F4A-A8E1-ED052B5BAF91}.Debug|Any CPU.Build.0 = Debug|Any CPU
		{C4E8B261-7A94-4F4A-A8E1-ED052B5BAF91}.Debug|x64.ActiveCfg = Debug|Any CPU
		{C4E8B261-7A94-4F4A-A8E1-ED052B5BAF91}.Debug|x64.Build.0 = Debug|Any CPU
		{C4E8B261-7A94-4F4A-A8E1-ED052B5BAF91}.Debug|x86.ActiveCfg = Debug|Any CPU
		{C4E8B261-7A94-4F4A-A8E1-ED052B5BAF91}.Debug|x86.Build.0 = Debug|Any CPU
		{C4E8B261-7A94-4F4A-A8E1-ED052B5BAF91}.Release|Any CPU.ActiveCfg = Release|Any CPU
		{C4E8B261-7A94-4F4A-A8E1-ED052B5BAF91}.Release|Any CPU.Build.0 = Release|Any CPU
		{C4E8B261-7A94-4F4A-A8E1-ED052B5BAF91}.Release|x64.ActiveCfg = Release|Any CPU
		{C4E8B261-7A94-4F4A-A8E1-ED052B5BAF91}.Release|x64.Build.0 = Release|Any CPU
		{C4E8B261-7A94-4F4A-A8E1-ED052B5BAF91}.Release|x86.ActiveCfg = Release|Any CPU
		{C4E8B261-7A94-4F4A-A8E1-ED052B5BAF91}.Release|x86.Build.0 = Release|Any CPU
		{8EADCE77-0149-4A19-A0E8-7064DAB5B2E1}.Debug|Any CPU.ActiveCfg = Debug|Any CPU
		{8EADCE77-0149-4A19-A0E8-7064DAB5B2E1}.Debug|Any CPU.Build.0 = Debug|Any CPU
		{8EADCE77-0149-4A19-A0E8-7064DAB5B2E1}.Debug|x64.ActiveCfg = Debug|Any CPU
		{8EADCE77-0149-4A19-A0E8-7064DAB5B2E1}.Debug|x64.Build.0 = Debug|Any CPU
		{8EADCE77-0149-4A19-A0E8-7064DAB5B2E1}.Debug|x86.ActiveCfg = Debug|Any CPU
		{8EADCE77-0149-4A19-A0E8-7064DAB5B2E1}.Debug|x86.Build.0 = Debug|Any CPU
		{8EADCE77-0149-4A19-A0E8-7064DAB5B2E1}.Release|Any CPU.ActiveCfg = Release|Any CPU
		{8EADCE77-0149-4A19-A0E8-7064DAB5B2E1}.Release|Any CPU.Build.0 = Release|Any CPU
		{8EADCE77-0149-4A19-A0E8-7064DAB5B2E1}.Release|x64.ActiveCfg = Release|Any CPU
		{8EADCE77-0149-4A19-A0E8-7064DAB5B2E1}.Release|x64.Build.0 = Release|Any CPU
		{8EADCE77-0149-4A19-A0E8-7064DAB5B2E1}.Release|x86.ActiveCfg = Release|Any CPU
		{8EADCE77-0149-4A19-A0E8-7064DAB5B2E1}.Release|x86.Build.0 = Release|Any CPU
		{6A8D22EF-F2D0-4E07-9460-A62F49605D31}.Debug|Any CPU.ActiveCfg = Debug|Any CPU
		{6A8D22EF-F2D0-4E07-9460-A62F49605D31}.Debug|Any CPU.Build.0 = Debug|Any CPU
		{6A8D22EF-F2D0-4E07-9460-A62F49605D31}.Debug|x64.ActiveCfg = Debug|Any CPU
		{6A8D22EF-F2D0-4E07-9460-A62F49605D31}.Debug|x64.Build.0 = Debug|Any CPU
		{6A8D22EF-F2D0-4E07-9460-A62F49605D31}.Debug|x86.ActiveCfg = Debug|Any CPU
		{6A8D22EF-F2D0-4E07-9460-A62F49605D31}.Debug|x86.Build.0 = Debug|Any CPU
		{6A8D22EF-F2D0-4E07-9460-A62F49605D31}.Release|Any CPU.ActiveCfg = Release|Any CPU
		{6A8D22EF-F2D0-4E07-9460-A62F49605D31}.Release|Any CPU.Build.0 = Release|Any CPU
		{6A8D22EF-F2D0-4E07-9460-A62F49605D31}.Release|x64.ActiveCfg = Release|Any CPU
		{6A8D22EF-F2D0-4E07-9460-A62F49605D31}.Release|x64.Build.0 = Release|Any CPU
		{6A8D22EF-F2D0-4E07-9460-A62F49605D31}.Release|x86.ActiveCfg = Release|Any CPU
		{6A8D22EF-F2D0-4E07-9460-A62F49605D31}.Release|x86.Build.0 = Release|Any CPU
		{D131C1B8-54E1-4E71-9E18-F4FA703A99A8}.Debug|Any CPU.ActiveCfg = Debug|Any CPU
		{D131C1B8-54E1-4E71-9E18-F4FA703A99A8}.Debug|Any CPU.Build.0 = Debug|Any CPU
		{D131C1B8-54E1-4E71-9E18-F4FA703A99A8}.Debug|x64.ActiveCfg = Debug|Any CPU
		{D131C1B8-54E1-4E71-9E18-F4FA703A99A8}.Debug|x64.Build.0 = Debug|Any CPU
		{D131C1B8-54E1-4E71-9E18-F4FA703A99A8}.Debug|x86.ActiveCfg = Debug|Any CPU
		{D131C1B8-54E1-4E71-9E18-F4FA703A99A8}.Debug|x86.Build.0 = Debug|Any CPU
		{D131C1B8-54E1-4E71-9E18-F4FA703A99A8}.Release|Any CPU.ActiveCfg = Release|Any CPU
		{D131C1B8-54E1-4E71-9E18-F4FA703A99A8}.Release|Any CPU.Build.0 = Release|Any CPU
		{D131C1B8-54E1-4E71-9E18-F4FA703A99A8}.Release|x64.ActiveCfg = Release|Any CPU
		{D131C1B8-54E1-4E71-9E18-F4FA703A99A8}.Release|x64.Build.0 = Release|Any CPU
		{D131C1B8-54E1-4E71-9E18-F4FA703A99A8}.Release|x86.ActiveCfg = Release|Any CPU
		{D131C1B8-54E1-4E71-9E18-F4FA703A99A8}.Release|x86.Build.0 = Release|Any CPU
		{B9FE92EA-2C15-4A53-A563-18462B4CEFEA}.Debug|Any CPU.ActiveCfg = Debug|Any CPU
		{B9FE92EA-2C15-4A53-A563-18462B4CEFEA}.Debug|Any CPU.Build.0 = Debug|Any CPU
		{B9FE92EA-2C15-4A53-A563-18462B4CEFEA}.Debug|x64.ActiveCfg = Debug|Any CPU
		{B9FE92EA-2C15-4A53-A563-18462B4CEFEA}.Debug|x64.Build.0 = Debug|Any CPU
		{B9FE92EA-2C15-4A53-A563-18462B4CEFEA}.Debug|x86.ActiveCfg = Debug|Any CPU
		{B9FE92EA-2C15-4A53-A563-18462B4CEFEA}.Debug|x86.Build.0 = Debug|Any CPU
		{B9FE92EA-2C15-4A53-A563-18462B4CEFEA}.Release|Any CPU.ActiveCfg = Release|Any CPU
		{B9FE92EA-2C15-4A53-A563-18462B4CEFEA}.Release|Any CPU.Build.0 = Release|Any CPU
		{B9FE92EA-2C15-4A53-A563-18462B4CEFEA}.Release|x64.ActiveCfg = Release|Any CPU
		{B9FE92EA-2C15-4A53-A563-18462B4CEFEA}.Release|x64.Build.0 = Release|Any CPU
		{B9FE92EA-2C15-4A53-A563-18462B4CEFEA}.Release|x86.ActiveCfg = Release|Any CPU
		{B9FE92EA-2C15-4A53-A563-18462B4CEFEA}.Release|x86.Build.0 = Release|Any CPU
		{D998946C-33F8-4454-9E3D-1975C87E9A26}.Debug|Any CPU.ActiveCfg = Debug|Any CPU
		{D998946C-33F8-4454-9E3D-1975C87E9A26}.Debug|Any CPU.Build.0 = Debug|Any CPU
		{D998946C-33F8-4454-9E3D-1975C87E9A26}.Debug|x64.ActiveCfg = Debug|Any CPU
		{D998946C-33F8-4454-9E3D-1975C87E9A26}.Debug|x64.Build.0 = Debug|Any CPU
		{D998946C-33F8-4454-9E3D-1975C87E9A26}.Debug|x86.ActiveCfg = Debug|Any CPU
		{D998946C-33F8-4454-9E3D-1975C87E9A26}.Debug|x86.Build.0 = Debug|Any CPU
		{D998946C-33F8-4454-9E3D-1975C87E9A26}.Release|Any CPU.ActiveCfg = Release|Any CPU
		{D998946C-33F8-4454-9E3D-1975C87E9A26}.Release|Any CPU.Build.0 = Release|Any CPU
		{D998946C-33F8-4454-9E3D-1975C87E9A26}.Release|x64.ActiveCfg = Release|Any CPU
		{D998946C-33F8-4454-9E3D-1975C87E9A26}.Release|x64.Build.0 = Release|Any CPU
		{D998946C-33F8-4454-9E3D-1975C87E9A26}.Release|x86.ActiveCfg = Release|Any CPU
		{D998946C-33F8-4454-9E3D-1975C87E9A26}.Release|x86.Build.0 = Release|Any CPU
		{F3F734AA-6368-4A4E-A8B6-BF87A249684E}.Debug|Any CPU.ActiveCfg = Debug|Any CPU
		{F3F734AA-6368-4A4E-A8B6-BF87A249684E}.Debug|Any CPU.Build.0 = Debug|Any CPU
		{F3F734AA-6368-4A4E-A8B6-BF87A249684E}.Debug|x64.ActiveCfg = Debug|Any CPU
		{F3F734AA-6368-4A4E-A8B6-BF87A249684E}.Debug|x64.Build.0 = Debug|Any CPU
		{F3F734AA-6368-4A4E-A8B6-BF87A249684E}.Debug|x86.ActiveCfg = Debug|Any CPU
		{F3F734AA-6368-4A4E-A8B6-BF87A249684E}.Debug|x86.Build.0 = Debug|Any CPU
		{F3F734AA-6368-4A4E-A8B6-BF87A249684E}.Release|Any CPU.ActiveCfg = Release|Any CPU
		{F3F734AA-6368-4A4E-A8B6-BF87A249684E}.Release|Any CPU.Build.0 = Release|Any CPU
		{F3F734AA-6368-4A4E-A8B6-BF87A249684E}.Release|x64.ActiveCfg = Release|Any CPU
		{F3F734AA-6368-4A4E-A8B6-BF87A249684E}.Release|x64.Build.0 = Release|Any CPU
		{F3F734AA-6368-4A4E-A8B6-BF87A249684E}.Release|x86.ActiveCfg = Release|Any CPU
		{F3F734AA-6368-4A4E-A8B6-BF87A249684E}.Release|x86.Build.0 = Release|Any CPU
		{F03BFDEF-99B8-4CD8-80CB-68AF5A6840A2}.Debug|Any CPU.ActiveCfg = Debug|Any CPU
		{F03BFDEF-99B8-4CD8-80CB-68AF5A6840A2}.Debug|Any CPU.Build.0 = Debug|Any CPU
		{F03BFDEF-99B8-4CD8-80CB-68AF5A6840A2}.Debug|x64.ActiveCfg = Debug|Any CPU
		{F03BFDEF-99B8-4CD8-80CB-68AF5A6840A2}.Debug|x64.Build.0 = Debug|Any CPU
		{F03BFDEF-99B8-4CD8-80CB-68AF5A6840A2}.Debug|x86.ActiveCfg = Debug|Any CPU
		{F03BFDEF-99B8-4CD8-80CB-68AF5A6840A2}.Debug|x86.Build.0 = Debug|Any CPU
		{F03BFDEF-99B8-4CD8-80CB-68AF5A6840A2}.Release|Any CPU.ActiveCfg = Release|Any CPU
		{F03BFDEF-99B8-4CD8-80CB-68AF5A6840A2}.Release|Any CPU.Build.0 = Release|Any CPU
		{F03BFDEF-99B8-4CD8-80CB-68AF5A6840A2}.Release|x64.ActiveCfg = Release|Any CPU
		{F03BFDEF-99B8-4CD8-80CB-68AF5A6840A2}.Release|x64.Build.0 = Release|Any CPU
		{F03BFDEF-99B8-4CD8-80CB-68AF5A6840A2}.Release|x86.ActiveCfg = Release|Any CPU
		{F03BFDEF-99B8-4CD8-80CB-68AF5A6840A2}.Release|x86.Build.0 = Release|Any CPU
		{7CB57C6E-988F-4B5C-A197-5581522F82D5}.Debug|Any CPU.ActiveCfg = Debug|Any CPU
		{7CB57C6E-988F-4B5C-A197-5581522F82D5}.Debug|Any CPU.Build.0 = Debug|Any CPU
		{7CB57C6E-988F-4B5C-A197-5581522F82D5}.Debug|x64.ActiveCfg = Debug|Any CPU
		{7CB57C6E-988F-4B5C-A197-5581522F82D5}.Debug|x64.Build.0 = Debug|Any CPU
		{7CB57C6E-988F-4B5C-A197-5581522F82D5}.Debug|x86.ActiveCfg = Debug|Any CPU
		{7CB57C6E-988F-4B5C-A197-5581522F82D5}.Debug|x86.Build.0 = Debug|Any CPU
		{7CB57C6E-988F-4B5C-A197-5581522F82D5}.Release|Any CPU.ActiveCfg = Release|Any CPU
		{7CB57C6E-988F-4B5C-A197-5581522F82D5}.Release|Any CPU.Build.0 = Release|Any CPU
		{7CB57C6E-988F-4B5C-A197-5581522F82D5}.Release|x64.ActiveCfg = Release|Any CPU
		{7CB57C6E-988F-4B5C-A197-5581522F82D5}.Release|x64.Build.0 = Release|Any CPU
		{7CB57C6E-988F-4B5C-A197-5581522F82D5}.Release|x86.ActiveCfg = Release|Any CPU
		{7CB57C6E-988F-4B5C-A197-5581522F82D5}.Release|x86.Build.0 = Release|Any CPU
		{80A42DDD-A5B2-40BB-A07C-979A9110D552}.Debug|Any CPU.ActiveCfg = Debug|Any CPU
		{80A42DDD-A5B2-40BB-A07C-979A9110D552}.Debug|Any CPU.Build.0 = Debug|Any CPU
		{80A42DDD-A5B2-40BB-A07C-979A9110D552}.Debug|x64.ActiveCfg = Debug|Any CPU
		{80A42DDD-A5B2-40BB-A07C-979A9110D552}.Debug|x64.Build.0 = Debug|Any CPU
		{80A42DDD-A5B2-40BB-A07C-979A9110D552}.Debug|x86.ActiveCfg = Debug|Any CPU
		{80A42DDD-A5B2-40BB-A07C-979A9110D552}.Debug|x86.Build.0 = Debug|Any CPU
		{80A42DDD-A5B2-40BB-A07C-979A9110D552}.Release|Any CPU.ActiveCfg = Release|Any CPU
		{80A42DDD-A5B2-40BB-A07C-979A9110D552}.Release|Any CPU.Build.0 = Release|Any CPU
		{80A42DDD-A5B2-40BB-A07C-979A9110D552}.Release|x64.ActiveCfg = Release|Any CPU
		{80A42DDD-A5B2-40BB-A07C-979A9110D552}.Release|x64.Build.0 = Release|Any CPU
		{80A42DDD-A5B2-40BB-A07C-979A9110D552}.Release|x86.ActiveCfg = Release|Any CPU
		{80A42DDD-A5B2-40BB-A07C-979A9110D552}.Release|x86.Build.0 = Release|Any CPU
		{865551F3-AB5F-44BA-AAC4-44CA46015F20}.Debug|Any CPU.ActiveCfg = Debug|Any CPU
		{865551F3-AB5F-44BA-AAC4-44CA46015F20}.Debug|Any CPU.Build.0 = Debug|Any CPU
		{865551F3-AB5F-44BA-AAC4-44CA46015F20}.Debug|x64.ActiveCfg = Debug|Any CPU
		{865551F3-AB5F-44BA-AAC4-44CA46015F20}.Debug|x64.Build.0 = Debug|Any CPU
		{865551F3-AB5F-44BA-AAC4-44CA46015F20}.Debug|x86.ActiveCfg = Debug|Any CPU
		{865551F3-AB5F-44BA-AAC4-44CA46015F20}.Debug|x86.Build.0 = Debug|Any CPU
		{865551F3-AB5F-44BA-AAC4-44CA46015F20}.Release|Any CPU.ActiveCfg = Release|Any CPU
		{865551F3-AB5F-44BA-AAC4-44CA46015F20}.Release|Any CPU.Build.0 = Release|Any CPU
		{865551F3-AB5F-44BA-AAC4-44CA46015F20}.Release|x64.ActiveCfg = Release|Any CPU
		{865551F3-AB5F-44BA-AAC4-44CA46015F20}.Release|x64.Build.0 = Release|Any CPU
		{865551F3-AB5F-44BA-AAC4-44CA46015F20}.Release|x86.ActiveCfg = Release|Any CPU
		{865551F3-AB5F-44BA-AAC4-44CA46015F20}.Release|x86.Build.0 = Release|Any CPU
		{83F369D9-472B-4ED4-9A80-46606CEF385A}.Debug|Any CPU.ActiveCfg = Debug|Any CPU
		{83F369D9-472B-4ED4-9A80-46606CEF385A}.Debug|Any CPU.Build.0 = Debug|Any CPU
		{83F369D9-472B-4ED4-9A80-46606CEF385A}.Debug|x64.ActiveCfg = Debug|Any CPU
		{83F369D9-472B-4ED4-9A80-46606CEF385A}.Debug|x64.Build.0 = Debug|Any CPU
		{83F369D9-472B-4ED4-9A80-46606CEF385A}.Debug|x86.ActiveCfg = Debug|Any CPU
		{83F369D9-472B-4ED4-9A80-46606CEF385A}.Debug|x86.Build.0 = Debug|Any CPU
		{83F369D9-472B-4ED4-9A80-46606CEF385A}.Release|Any CPU.ActiveCfg = Release|Any CPU
		{83F369D9-472B-4ED4-9A80-46606CEF385A}.Release|Any CPU.Build.0 = Release|Any CPU
		{83F369D9-472B-4ED4-9A80-46606CEF385A}.Release|x64.ActiveCfg = Release|Any CPU
		{83F369D9-472B-4ED4-9A80-46606CEF385A}.Release|x64.Build.0 = Release|Any CPU
		{83F369D9-472B-4ED4-9A80-46606CEF385A}.Release|x86.ActiveCfg = Release|Any CPU
		{83F369D9-472B-4ED4-9A80-46606CEF385A}.Release|x86.Build.0 = Release|Any CPU
		{D2645A5B-D305-474D-B533-714422CDC8BD}.Debug|Any CPU.ActiveCfg = Debug|Any CPU
		{D2645A5B-D305-474D-B533-714422CDC8BD}.Debug|Any CPU.Build.0 = Debug|Any CPU
		{D2645A5B-D305-474D-B533-714422CDC8BD}.Debug|x64.ActiveCfg = Debug|Any CPU
		{D2645A5B-D305-474D-B533-714422CDC8BD}.Debug|x64.Build.0 = Debug|Any CPU
		{D2645A5B-D305-474D-B533-714422CDC8BD}.Debug|x86.ActiveCfg = Debug|Any CPU
		{D2645A5B-D305-474D-B533-714422CDC8BD}.Debug|x86.Build.0 = Debug|Any CPU
		{D2645A5B-D305-474D-B533-714422CDC8BD}.Release|Any CPU.ActiveCfg = Release|Any CPU
		{D2645A5B-D305-474D-B533-714422CDC8BD}.Release|Any CPU.Build.0 = Release|Any CPU
		{D2645A5B-D305-474D-B533-714422CDC8BD}.Release|x64.ActiveCfg = Release|Any CPU
		{D2645A5B-D305-474D-B533-714422CDC8BD}.Release|x64.Build.0 = Release|Any CPU
		{D2645A5B-D305-474D-B533-714422CDC8BD}.Release|x86.ActiveCfg = Release|Any CPU
		{D2645A5B-D305-474D-B533-714422CDC8BD}.Release|x86.Build.0 = Release|Any CPU
		{B04B12B8-D7A6-48F9-AAD4-ED0EA2471A28}.Debug|Any CPU.ActiveCfg = Debug|Any CPU
		{B04B12B8-D7A6-48F9-AAD4-ED0EA2471A28}.Debug|Any CPU.Build.0 = Debug|Any CPU
		{B04B12B8-D7A6-48F9-AAD4-ED0EA2471A28}.Debug|x64.ActiveCfg = Debug|Any CPU
		{B04B12B8-D7A6-48F9-AAD4-ED0EA2471A28}.Debug|x64.Build.0 = Debug|Any CPU
		{B04B12B8-D7A6-48F9-AAD4-ED0EA2471A28}.Debug|x86.ActiveCfg = Debug|Any CPU
		{B04B12B8-D7A6-48F9-AAD4-ED0EA2471A28}.Debug|x86.Build.0 = Debug|Any CPU
		{B04B12B8-D7A6-48F9-AAD4-ED0EA2471A28}.Release|Any CPU.ActiveCfg = Release|Any CPU
		{B04B12B8-D7A6-48F9-AAD4-ED0EA2471A28}.Release|Any CPU.Build.0 = Release|Any CPU
		{B04B12B8-D7A6-48F9-AAD4-ED0EA2471A28}.Release|x64.ActiveCfg = Release|Any CPU
		{B04B12B8-D7A6-48F9-AAD4-ED0EA2471A28}.Release|x64.Build.0 = Release|Any CPU
		{B04B12B8-D7A6-48F9-AAD4-ED0EA2471A28}.Release|x86.ActiveCfg = Release|Any CPU
		{B04B12B8-D7A6-48F9-AAD4-ED0EA2471A28}.Release|x86.Build.0 = Release|Any CPU
		{0ADDA0CD-EA46-4723-A087-E82515C6DA53}.Debug|Any CPU.ActiveCfg = Debug|Any CPU
		{0ADDA0CD-EA46-4723-A087-E82515C6DA53}.Debug|Any CPU.Build.0 = Debug|Any CPU
		{0ADDA0CD-EA46-4723-A087-E82515C6DA53}.Debug|x64.ActiveCfg = Debug|Any CPU
		{0ADDA0CD-EA46-4723-A087-E82515C6DA53}.Debug|x64.Build.0 = Debug|Any CPU
		{0ADDA0CD-EA46-4723-A087-E82515C6DA53}.Debug|x86.ActiveCfg = Debug|Any CPU
		{0ADDA0CD-EA46-4723-A087-E82515C6DA53}.Debug|x86.Build.0 = Debug|Any CPU
		{0ADDA0CD-EA46-4723-A087-E82515C6DA53}.Release|Any CPU.ActiveCfg = Release|Any CPU
		{0ADDA0CD-EA46-4723-A087-E82515C6DA53}.Release|Any CPU.Build.0 = Release|Any CPU
		{0ADDA0CD-EA46-4723-A087-E82515C6DA53}.Release|x64.ActiveCfg = Release|Any CPU
		{0ADDA0CD-EA46-4723-A087-E82515C6DA53}.Release|x64.Build.0 = Release|Any CPU
		{0ADDA0CD-EA46-4723-A087-E82515C6DA53}.Release|x86.ActiveCfg = Release|Any CPU
		{0ADDA0CD-EA46-4723-A087-E82515C6DA53}.Release|x86.Build.0 = Release|Any CPU
		{798A6E7A-4642-40CC-B2E6-2D1B5291EF45}.Debug|Any CPU.ActiveCfg = Debug|Any CPU
		{798A6E7A-4642-40CC-B2E6-2D1B5291EF45}.Debug|Any CPU.Build.0 = Debug|Any CPU
		{798A6E7A-4642-40CC-B2E6-2D1B5291EF45}.Debug|x64.ActiveCfg = Debug|Any CPU
		{798A6E7A-4642-40CC-B2E6-2D1B5291EF45}.Debug|x64.Build.0 = Debug|Any CPU
		{798A6E7A-4642-40CC-B2E6-2D1B5291EF45}.Debug|x86.ActiveCfg = Debug|Any CPU
		{798A6E7A-4642-40CC-B2E6-2D1B5291EF45}.Debug|x86.Build.0 = Debug|Any CPU
		{798A6E7A-4642-40CC-B2E6-2D1B5291EF45}.Release|Any CPU.ActiveCfg = Release|Any CPU
		{798A6E7A-4642-40CC-B2E6-2D1B5291EF45}.Release|Any CPU.Build.0 = Release|Any CPU
		{798A6E7A-4642-40CC-B2E6-2D1B5291EF45}.Release|x64.ActiveCfg = Release|Any CPU
		{798A6E7A-4642-40CC-B2E6-2D1B5291EF45}.Release|x64.Build.0 = Release|Any CPU
		{798A6E7A-4642-40CC-B2E6-2D1B5291EF45}.Release|x86.ActiveCfg = Release|Any CPU
		{798A6E7A-4642-40CC-B2E6-2D1B5291EF45}.Release|x86.Build.0 = Release|Any CPU
	EndGlobalSection
	GlobalSection(SolutionProperties) = preSolution
		HideSolutionNode = FALSE
	EndGlobalSection
	GlobalSection(NestedProjects) = preSolution
		{F3F734AA-6368-4A4E-A8B6-BF87A249684E} = {827E0CD3-B72D-47B6-A68D-7590B98EB39B}
		{F03BFDEF-99B8-4CD8-80CB-68AF5A6840A2} = {827E0CD3-B72D-47B6-A68D-7590B98EB39B}
		{7CB57C6E-988F-4B5C-A197-5581522F82D5} = {827E0CD3-B72D-47B6-A68D-7590B98EB39B}
		{80A42DDD-A5B2-40BB-A07C-979A9110D552} = {0AB3BF05-4346-4AA6-1389-037BE0695223}
		{865551F3-AB5F-44BA-AAC4-44CA46015F20} = {0AB3BF05-4346-4AA6-1389-037BE0695223}
		{83F369D9-472B-4ED4-9A80-46606CEF385A} = {827E0CD3-B72D-47B6-A68D-7590B98EB39B}
		{D2645A5B-D305-474D-B533-714422CDC8BD} = {0AB3BF05-4346-4AA6-1389-037BE0695223}
		{B04B12B8-D7A6-48F9-AAD4-ED0EA2471A28} = {0AB3BF05-4346-4AA6-1389-037BE0695223}
		{0ADDA0CD-EA46-4723-A087-E82515C6DA53} = {827E0CD3-B72D-47B6-A68D-7590B98EB39B}
		{798A6E7A-4642-40CC-B2E6-2D1B5291EF45} = {0AB3BF05-4346-4AA6-1389-037BE0695223}
	EndGlobalSection
EndGlobal
